
Microsoft Visual Studio Solution File, Format Version 12.00
# Visual Studio Version 17
VisualStudioVersion = 17.0.31919.166
MinimumVisualStudioVersion = 10.0.40219.1
Project("{FAE04EC0-301F-11D3-BF4B-00C04F79EFBC}") = "Desafio4", "Desafio4\Desafio4.csproj", "{6FA5FB29-1580-4182-B01B-C59583C67DA1}"
EndProject
Global
	GlobalSection(SolutionConfigurationPlatforms) = preSolution
		Debug|Any CPU = Debug|Any CPU
		Release|Any CPU = Release|Any CPU
	EndGlobalSection
	GlobalSection(ProjectConfigurationPlatforms) = postSolution
		{6FA5FB29-1580-4182-B01B-C59583C67DA1}.Debug|Any CPU.ActiveCfg = Debug|Any CPU
		{6FA5FB29-1580-4182-B01B-C59583C67DA1}.Debug|Any CPU.Build.0 = Debug|Any CPU
		{6FA5FB29-1580-4182-B01B-C59583C67DA1}.Release|Any CPU.ActiveCfg = Release|Any CPU
		{6FA5FB29-1580-4182-B01B-C59583C67DA1}.Release|Any CPU.Build.0 = Release|Any CPU
	EndGlobalSection
	GlobalSection(SolutionProperties) = preSolution
		HideSolutionNode = FALSE
	EndGlobalSection
	GlobalSection(ExtensibilityGlobals) = postSolution
		SolutionGuid = {8C8DF091-9A11-4535-8749-2D85BFBCEC99}
	EndGlobalSection
EndGlobal
